
Microsoft Visual Studio Solution File, Format Version 12.00
# Visual Studio Version 17
VisualStudioVersion = 17.11.35327.3
MinimumVisualStudioVersion = 10.0.40219.1
Project("{FAE04EC0-301F-11D3-BF4B-00C04F79EFBC}") = "Homework 3", "Homework 3\Homework 3.csproj", "{F5317AC0-B69B-4273-B4BF-5D0BD0F50AC1}"
EndProject
Global
	GlobalSection(SolutionConfigurationPlatforms) = preSolution
		Debug|Any CPU = Debug|Any CPU
		Release|Any CPU = Release|Any CPU
	EndGlobalSection
	GlobalSection(ProjectConfigurationPlatforms) = postSolution
		{F5317AC0-B69B-4273-B4BF-5D0BD0F50AC1}.Debug|Any CPU.ActiveCfg = Debug|Any CPU
		{F5317AC0-B69B-4273-B4BF-5D0BD0F50AC1}.Debug|Any CPU.Build.0 = Debug|Any CPU
		{F5317AC0-B69B-4273-B4BF-5D0BD0F50AC1}.Release|Any CPU.ActiveCfg = Release|Any CPU
		{F5317AC0-B69B-4273-B4BF-5D0BD0F50AC1}.Release|Any CPU.Build.0 = Release|Any CPU
	EndGlobalSection
	GlobalSection(SolutionProperties) = preSolution
		HideSolutionNode = FALSE
	EndGlobalSection
	GlobalSection(ExtensibilityGlobals) = postSolution
		SolutionGuid = {ECBDE960-4E1F-4CC6-B02B-FDD9C229BC95}
	EndGlobalSection
EndGlobal
